<Solution>
  <Folder Name="/src/">
    <Project Path="src/Nestly.Api/Nestly.Api.csproj" />
    <Project Path="src/Nestly.Domain/Nestly.Domain.csproj" />
    <Project Path="src/Nestly.Search/Nestly.Search.csproj" />
    <Project Path="src/Nestly.Seeder/Nestly.Seeder.csproj" />
  </Folder>
  <Folder Name="/tools/">
    <Project Path="tools/Nestly.DataTrimmer/Nestly.DataTrimmer.csproj" />
  </Folder>
</Solution>
